// !$*UTF8*$!
{
	archiveVersion = 1;
	classes = {
	};
	objectVersion = 51;
	objects = {

/* Begin PBXBuildFile section */
		5683196118E8336B07F1E957 /* Pods_AppStore_Mock.framework in Frameworks */ = {isa = PBXBuildFile; fileRef = 69D4F50E01F4295BC634075C /* Pods_AppStore_Mock.framework */; };
		AF15A40E2557116B0074B59A /* AppDetailHeaderTableViewCell.swift in Sources */ = {isa = PBXBuildFile; fileRef = AF15A40C2557116B0074B59A /* AppDetailHeaderTableViewCell.swift */; };
		AF15A40F2557116B0074B59A /* AppDetailHeaderTableViewCell.xib in Resources */ = {isa = PBXBuildFile; fileRef = AF15A40D2557116B0074B59A /* AppDetailHeaderTableViewCell.xib */; };
		AF15A416255735260074B59A /* AppUpdateInfoResponse.swift in Sources */ = {isa = PBXBuildFile; fileRef = AF15A415255735260074B59A /* AppUpdateInfoResponse.swift */; };
		AF15A41A255737710074B59A /* AppDetailUpdateInfoCell.swift in Sources */ = {isa = PBXBuildFile; fileRef = AF15A418255737710074B59A /* AppDetailUpdateInfoCell.swift */; };
		AF15A41B255737710074B59A /* AppDetailUpdateInfoCell.xib in Resources */ = {isa = PBXBuildFile; fileRef = AF15A419255737710074B59A /* AppDetailUpdateInfoCell.xib */; };
		AF15A41E25573B020074B59A /* Int.swift in Sources */ = {isa = PBXBuildFile; fileRef = AF15A41D25573B020074B59A /* Int.swift */; };
		AF15A42225573C3F0074B59A /* AppVersionDetailViewController.swift in Sources */ = {isa = PBXBuildFile; fileRef = AF15A42025573C3F0074B59A /* AppVersionDetailViewController.swift */; };
		AF15A42325573C3F0074B59A /* AppVersionDetailViewController.xib in Resources */ = {isa = PBXBuildFile; fileRef = AF15A42125573C3F0074B59A /* AppVersionDetailViewController.xib */; };
		AF15A42725573DAB0074B59A /* AppDetailUpdateInfoTableViewCell.swift in Sources */ = {isa = PBXBuildFile; fileRef = AF15A42525573DAB0074B59A /* AppDetailUpdateInfoTableViewCell.swift */; };
		AF15A42825573DAB0074B59A /* AppDetailUpdateInfoTableViewCell.xib in Resources */ = {isa = PBXBuildFile; fileRef = AF15A42625573DAB0074B59A /* AppDetailUpdateInfoTableViewCell.xib */; };
		AF3137392553F6CB000B44CC /* AppDetailViewController.swift in Sources */ = {isa = PBXBuildFile; fileRef = AF3137372553F6CB000B44CC /* AppDetailViewController.swift */; };
		AF31373A2553F6CB000B44CC /* AppDetailViewController.xib in Resources */ = {isa = PBXBuildFile; fileRef = AF3137382553F6CB000B44CC /* AppDetailViewController.xib */; };
		AF31373E25554DD5000B44CC /* AppDetailResponse.swift in Sources */ = {isa = PBXBuildFile; fileRef = AF31373D25554DD5000B44CC /* AppDetailResponse.swift */; };
		AF3137422555650E000B44CC /* AppDetailImagesCell.swift in Sources */ = {isa = PBXBuildFile; fileRef = AF3137402555650D000B44CC /* AppDetailImagesCell.swift */; };
		AF3137432555650E000B44CC /* AppDetailImagesCell.xib in Resources */ = {isa = PBXBuildFile; fileRef = AF3137412555650D000B44CC /* AppDetailImagesCell.xib */; };
		AF313747255565B8000B44CC /* AppDetailInsideImageCell.swift in Sources */ = {isa = PBXBuildFile; fileRef = AF313745255565B8000B44CC /* AppDetailInsideImageCell.swift */; };
		AF313748255565B8000B44CC /* AppDetailInsideImageCell.xib in Resources */ = {isa = PBXBuildFile; fileRef = AF313746255565B8000B44CC /* AppDetailInsideImageCell.xib */; };
		AF676827255AD28800F4DC27 /* SearchTableViewCell.swift in Sources */ = {isa = PBXBuildFile; fileRef = AF676825255AD28800F4DC27 /* SearchTableViewCell.swift */; };
		AF676828255AD28800F4DC27 /* SearchTableViewCell.xib in Resources */ = {isa = PBXBuildFile; fileRef = AF676826255AD28800F4DC27 /* SearchTableViewCell.xib */; };
		AF67682F255AD5B000F4DC27 /* SearchResponse.swift in Sources */ = {isa = PBXBuildFile; fileRef = AF67682E255AD5B000F4DC27 /* SearchResponse.swift */; };
		AF676833255AE6AC00F4DC27 /* SearchDataManager.swift in Sources */ = {isa = PBXBuildFile; fileRef = AF676832255AE6AC00F4DC27 /* SearchDataManager.swift */; };
		AF6C1AC325598D2200D18B07 /* TodayCollectionViewCell.swift in Sources */ = {isa = PBXBuildFile; fileRef = AF6C1AC125598D2200D18B07 /* TodayCollectionViewCell.swift */; };
		AF6C1AC425598D2200D18B07 /* TodayCollectionViewCell.xib in Resources */ = {isa = PBXBuildFile; fileRef = AF6C1AC225598D2200D18B07 /* TodayCollectionViewCell.xib */; };
		AF6C1AC9255996FE00D18B07 /* TodayResponse.swift in Sources */ = {isa = PBXBuildFile; fileRef = AF6C1AC8255996FE00D18B07 /* TodayResponse.swift */; };
		AF6C1ACE2559975600D18B07 /* TodayDataManager.swift in Sources */ = {isa = PBXBuildFile; fileRef = AF6C1ACD2559975600D18B07 /* TodayDataManager.swift */; };
		AF6C1ADC2559E23A00D18B07 /* TodayDetailImageCollectionViewCell.swift in Sources */ = {isa = PBXBuildFile; fileRef = AF6C1ADA2559E23A00D18B07 /* TodayDetailImageCollectionViewCell.swift */; };
		AF6C1ADD2559E23A00D18B07 /* TodayDetailImageCollectionViewCell.xib in Resources */ = {isa = PBXBuildFile; fileRef = AF6C1ADB2559E23A00D18B07 /* TodayDetailImageCollectionViewCell.xib */; };
		AF6C1AEA2559EE4A00D18B07 /* TodayDetailViewController.swift in Sources */ = {isa = PBXBuildFile; fileRef = AF6C1AE82559EE4A00D18B07 /* TodayDetailViewController.swift */; };
		AF6C1AEB2559EE4A00D18B07 /* TodayDetailViewController.xib in Resources */ = {isa = PBXBuildFile; fileRef = AF6C1AE92559EE4A00D18B07 /* TodayDetailViewController.xib */; };
		AF6C1B1F255A9F8E00D18B07 /* TodayHeaderView.swift in Sources */ = {isa = PBXBuildFile; fileRef = AF6C1B1D255A9F8E00D18B07 /* TodayHeaderView.swift */; };
		AF6C1B20255A9F8E00D18B07 /* TodayHeaderView.xib in Resources */ = {isa = PBXBuildFile; fileRef = AF6C1B1E255A9F8E00D18B07 /* TodayHeaderView.xib */; };
		AFA5879B2551868000AC205E /* AppInsideRatingSmallCell.xib in Resources */ = {isa = PBXBuildFile; fileRef = AFD5FB96255184780037F87C /* AppInsideRatingSmallCell.xib */; };
		AFA92195254DC33600C640AC /* AppDelegate.swift in Sources */ = {isa = PBXBuildFile; fileRef = AFA92194254DC33600C640AC /* AppDelegate.swift */; };
		AFA92197254DC33600C640AC /* SceneDelegate.swift in Sources */ = {isa = PBXBuildFile; fileRef = AFA92196254DC33600C640AC /* SceneDelegate.swift */; };
		AFA92199254DC33600C640AC /* ViewController.swift in Sources */ = {isa = PBXBuildFile; fileRef = AFA92198254DC33600C640AC /* ViewController.swift */; };
		AFA9219E254DC33900C640AC /* Assets.xcassets in Resources */ = {isa = PBXBuildFile; fileRef = AFA9219D254DC33900C640AC /* Assets.xcassets */; };
		AFA921A1254DC33900C640AC /* LaunchScreen.storyboard in Resources */ = {isa = PBXBuildFile; fileRef = AFA9219F254DC33900C640AC /* LaunchScreen.storyboard */; };
		AFA921CB254DC43600C640AC /* Constant.swift in Sources */ = {isa = PBXBuildFile; fileRef = AFA921B6254DC43600C640AC /* Constant.swift */; };
		AFA921CC254DC43600C640AC /* IndicatorView.swift in Sources */ = {isa = PBXBuildFile; fileRef = AFA921B8254DC43600C640AC /* IndicatorView.swift */; };
		AFA921CD254DC43600C640AC /* Device.swift in Sources */ = {isa = PBXBuildFile; fileRef = AFA921B9254DC43600C640AC /* Device.swift */; };
		AFA921CE254DC43600C640AC /* Date.swift in Sources */ = {isa = PBXBuildFile; fileRef = AFA921BB254DC43600C640AC /* Date.swift */; };
		AFA921CF254DC43600C640AC /* String.swift in Sources */ = {isa = PBXBuildFile; fileRef = AFA921BC254DC43600C640AC /* String.swift */; };
		AFA921D0254DC43600C640AC /* UIButton.swift in Sources */ = {isa = PBXBuildFile; fileRef = AFA921BD254DC43600C640AC /* UIButton.swift */; };
		AFA921D1254DC43600C640AC /* UIViewController.swift in Sources */ = {isa = PBXBuildFile; fileRef = AFA921BE254DC43600C640AC /* UIViewController.swift */; };
		AFA921D2254DC43600C640AC /* UINavigationBar.swift in Sources */ = {isa = PBXBuildFile; fileRef = AFA921BF254DC43600C640AC /* UINavigationBar.swift */; };
		AFA921D3254DC43600C640AC /* UIFont.swift in Sources */ = {isa = PBXBuildFile; fileRef = AFA921C0254DC43600C640AC /* UIFont.swift */; };
		AFA921D4254DC43600C640AC /* Color.swift in Sources */ = {isa = PBXBuildFile; fileRef = AFA921C1254DC43600C640AC /* Color.swift */; };
		AFA921D6254DC43600C640AC /* NotoSansCJKkr-Medium.otf in Resources */ = {isa = PBXBuildFile; fileRef = AFA921C5254DC43600C640AC /* NotoSansCJKkr-Medium.otf */; };
		AFA921D7254DC43600C640AC /* NotoSansCJKkr-Regular.otf in Resources */ = {isa = PBXBuildFile; fileRef = AFA921C6254DC43600C640AC /* NotoSansCJKkr-Regular.otf */; };
		AFA921D8254DC43600C640AC /* NotoSansCJKkr-Bold.otf in Resources */ = {isa = PBXBuildFile; fileRef = AFA921C7254DC43600C640AC /* NotoSansCJKkr-Bold.otf */; };
		AFA92211254EE66800C640AC /* GameMainViewController.swift in Sources */ = {isa = PBXBuildFile; fileRef = AFA9220F254EE66800C640AC /* GameMainViewController.swift */; };
		AFA92212254EE66800C640AC /* GameMainViewController.xib in Resources */ = {isa = PBXBuildFile; fileRef = AFA92210254EE66800C640AC /* GameMainViewController.xib */; };
		AFA92216254EE69900C640AC /* AppMainViewController.swift in Sources */ = {isa = PBXBuildFile; fileRef = AFA92214254EE69800C640AC /* AppMainViewController.swift */; };
		AFA92217254EE69900C640AC /* AppMainViewController.xib in Resources */ = {isa = PBXBuildFile; fileRef = AFA92215254EE69900C640AC /* AppMainViewController.xib */; };
		AFA9221B254EE6BB00C640AC /* ArcadeMainViewController.swift in Sources */ = {isa = PBXBuildFile; fileRef = AFA92219254EE6BB00C640AC /* ArcadeMainViewController.swift */; };
		AFA9221C254EE6BB00C640AC /* ArcadeMainViewController.xib in Resources */ = {isa = PBXBuildFile; fileRef = AFA9221A254EE6BB00C640AC /* ArcadeMainViewController.xib */; };
		AFA92220254EE6DA00C640AC /* SearchMainViewController.swift in Sources */ = {isa = PBXBuildFile; fileRef = AFA9221E254EE6DA00C640AC /* SearchMainViewController.swift */; };
		AFA92221254EE6DA00C640AC /* SearchMainViewController.xib in Resources */ = {isa = PBXBuildFile; fileRef = AFA9221F254EE6DA00C640AC /* SearchMainViewController.xib */; };
		AFA92226254EE74600C640AC /* BaseTabBarController.swift in Sources */ = {isa = PBXBuildFile; fileRef = AFA92225254EE74600C640AC /* BaseTabBarController.swift */; };
		AFA9222B254EE78E00C640AC /* TodayMainViewController.swift in Sources */ = {isa = PBXBuildFile; fileRef = AFA92229254EE78E00C640AC /* TodayMainViewController.swift */; };
		AFA9222C254EE78E00C640AC /* TodayMainViewController.xib in Resources */ = {isa = PBXBuildFile; fileRef = AFA9222A254EE78E00C640AC /* TodayMainViewController.xib */; };
		AFA92230254F14F400C640AC /* BaseViewController.swift in Sources */ = {isa = PBXBuildFile; fileRef = AFA9222F254F14F400C640AC /* BaseViewController.swift */; };
		AFCE47E925556DDA0081E72E /* AppDetailInfoCell.swift in Sources */ = {isa = PBXBuildFile; fileRef = AFCE47E725556DDA0081E72E /* AppDetailInfoCell.swift */; };
		AFCE47EA25556DDA0081E72E /* AppDetailInfoCell.xib in Resources */ = {isa = PBXBuildFile; fileRef = AFCE47E825556DDA0081E72E /* AppDetailInfoCell.xib */; };
		AFCE4803255575500081E72E /* AppDetailInfoTableViewCell.swift in Sources */ = {isa = PBXBuildFile; fileRef = AFCE4801255575500081E72E /* AppDetailInfoTableViewCell.swift */; };
		AFCE4804255575500081E72E /* AppDetailInfoTableViewCell.xib in Resources */ = {isa = PBXBuildFile; fileRef = AFCE4802255575500081E72E /* AppDetailInfoTableViewCell.xib */; };
		AFCE4808255577870081E72E /* AppDetailInfoTableViewSmallCell.swift in Sources */ = {isa = PBXBuildFile; fileRef = AFCE4806255577870081E72E /* AppDetailInfoTableViewSmallCell.swift */; };
		AFCE4809255577870081E72E /* AppDetailInfoTableViewSmallCell.xib in Resources */ = {isa = PBXBuildFile; fileRef = AFCE4807255577870081E72E /* AppDetailInfoTableViewSmallCell.xib */; };
		AFCE480D255578400081E72E /* AppDetailInfoTableViewLargeCell.swift in Sources */ = {isa = PBXBuildFile; fileRef = AFCE480B255578400081E72E /* AppDetailInfoTableViewLargeCell.swift */; };
		AFCE480E255578400081E72E /* AppDetailInfoTableViewLargeCell.xib in Resources */ = {isa = PBXBuildFile; fileRef = AFCE480C255578400081E72E /* AppDetailInfoTableViewLargeCell.xib */; };
		AFCE481625557ED90081E72E /* AppDetailDataManager.swift in Sources */ = {isa = PBXBuildFile; fileRef = AFCE481525557ED90081E72E /* AppDetailDataManager.swift */; };
		AFD5FB6E255035A20037F87C /* AppSmallResponse.swift in Sources */ = {isa = PBXBuildFile; fileRef = AFD5FB6D255035A20037F87C /* AppSmallResponse.swift */; };
		AFD5FB75255036490037F87C /* UIImageView.swift in Sources */ = {isa = PBXBuildFile; fileRef = AFD5FB74255036490037F87C /* UIImageView.swift */; };
		AFD5FB83255060E50037F87C /* SnappingCollectionViewLayout.swift in Sources */ = {isa = PBXBuildFile; fileRef = AFD5FB82255060E50037F87C /* SnappingCollectionViewLayout.swift */; };
		AFD5FB9225515E430037F87C /* AppDataManager.swift in Sources */ = {isa = PBXBuildFile; fileRef = AFD5FB9125515E430037F87C /* AppDataManager.swift */; };
		AFD5FB9F255184CE0037F87C /* AppInsideRatingSmallCell.swift in Sources */ = {isa = PBXBuildFile; fileRef = AFD5FB97255184790037F87C /* AppInsideRatingSmallCell.swift */; };
		AFE398DB2555FFA10068114E /* AppDetailStackViewCell.swift in Sources */ = {isa = PBXBuildFile; fileRef = AFE398D92555FFA10068114E /* AppDetailStackViewCell.swift */; };
		AFE398DC2555FFA10068114E /* AppDetailStackViewCell.xib in Resources */ = {isa = PBXBuildFile; fileRef = AFE398DA2555FFA10068114E /* AppDetailStackViewCell.xib */; };
		AFE398DF255695290068114E /* AppDetalInfoTableView.swift in Sources */ = {isa = PBXBuildFile; fileRef = AFE398DE255695290068114E /* AppDetalInfoTableView.swift */; };
		AFF911B9254F3FE900C2A8DE /* AppLargeCell.swift in Sources */ = {isa = PBXBuildFile; fileRef = AFF911B7254F3FE900C2A8DE /* AppLargeCell.swift */; };
		AFF911BA254F3FE900C2A8DE /* AppLargeCell.xib in Resources */ = {isa = PBXBuildFile; fileRef = AFF911B8254F3FE900C2A8DE /* AppLargeCell.xib */; };
		AFF911BE254F407300C2A8DE /* AppInsideLargeCell.swift in Sources */ = {isa = PBXBuildFile; fileRef = AFF911BC254F407300C2A8DE /* AppInsideLargeCell.swift */; };
		AFF911BF254F407300C2A8DE /* AppInsideLargeCell.xib in Resources */ = {isa = PBXBuildFile; fileRef = AFF911BD254F407300C2A8DE /* AppInsideLargeCell.xib */; };
		AFF911C7254FA38200C2A8DE /* AppSmallCell.swift in Sources */ = {isa = PBXBuildFile; fileRef = AFF911C5254FA38200C2A8DE /* AppSmallCell.swift */; };
		AFF911C8254FA38200C2A8DE /* AppSmallCell.xib in Resources */ = {isa = PBXBuildFile; fileRef = AFF911C6254FA38200C2A8DE /* AppSmallCell.xib */; };
		AFF911CC254FA83700C2A8DE /* AppInsideSmallCell.swift in Sources */ = {isa = PBXBuildFile; fileRef = AFF911CA254FA83700C2A8DE /* AppInsideSmallCell.swift */; };
		AFF911CD254FA83700C2A8DE /* AppInsideSmallCell.xib in Resources */ = {isa = PBXBuildFile; fileRef = AFF911CB254FA83700C2A8DE /* AppInsideSmallCell.xib */; };
		AFF911D62550290800C2A8DE /* AppLargeResponse.swift in Sources */ = {isa = PBXBuildFile; fileRef = AFF911D52550290800C2A8DE /* AppLargeResponse.swift */; };
/* End PBXBuildFile section */

/* Begin PBXFileReference section */
		383835258D7CB664C8E0CE21 /* Pods-AppStore_Mock.release.xcconfig */ = {isa = PBXFileReference; includeInIndex = 1; lastKnownFileType = text.xcconfig; name = "Pods-AppStore_Mock.release.xcconfig"; path = "Target Support Files/Pods-AppStore_Mock/Pods-AppStore_Mock.release.xcconfig"; sourceTree = "<group>"; };
		69D4F50E01F4295BC634075C /* Pods_AppStore_Mock.framework */ = {isa = PBXFileReference; explicitFileType = wrapper.framework; includeInIndex = 0; path = Pods_AppStore_Mock.framework; sourceTree = BUILT_PRODUCTS_DIR; };
		AC6BBC3CEBD8464AB6548666 /* Pods-AppStore_Mock.debug.xcconfig */ = {isa = PBXFileReference; includeInIndex = 1; lastKnownFileType = text.xcconfig; name = "Pods-AppStore_Mock.debug.xcconfig"; path = "Target Support Files/Pods-AppStore_Mock/Pods-AppStore_Mock.debug.xcconfig"; sourceTree = "<group>"; };
		AF15A40C2557116B0074B59A /* AppDetailHeaderTableViewCell.swift */ = {isa = PBXFileReference; lastKnownFileType = sourcecode.swift; path = AppDetailHeaderTableViewCell.swift; sourceTree = "<group>"; };
		AF15A40D2557116B0074B59A /* AppDetailHeaderTableViewCell.xib */ = {isa = PBXFileReference; lastKnownFileType = file.xib; path = AppDetailHeaderTableViewCell.xib; sourceTree = "<group>"; };
		AF15A415255735260074B59A /* AppUpdateInfoResponse.swift */ = {isa = PBXFileReference; lastKnownFileType = sourcecode.swift; path = AppUpdateInfoResponse.swift; sourceTree = "<group>"; };
		AF15A418255737710074B59A /* AppDetailUpdateInfoCell.swift */ = {isa = PBXFileReference; lastKnownFileType = sourcecode.swift; path = AppDetailUpdateInfoCell.swift; sourceTree = "<group>"; };
		AF15A419255737710074B59A /* AppDetailUpdateInfoCell.xib */ = {isa = PBXFileReference; lastKnownFileType = file.xib; path = AppDetailUpdateInfoCell.xib; sourceTree = "<group>"; };
		AF15A41D25573B020074B59A /* Int.swift */ = {isa = PBXFileReference; lastKnownFileType = sourcecode.swift; path = Int.swift; sourceTree = "<group>"; };
		AF15A42025573C3F0074B59A /* AppVersionDetailViewController.swift */ = {isa = PBXFileReference; lastKnownFileType = sourcecode.swift; path = AppVersionDetailViewController.swift; sourceTree = "<group>"; };
		AF15A42125573C3F0074B59A /* AppVersionDetailViewController.xib */ = {isa = PBXFileReference; lastKnownFileType = file.xib; path = AppVersionDetailViewController.xib; sourceTree = "<group>"; };
		AF15A42525573DAB0074B59A /* AppDetailUpdateInfoTableViewCell.swift */ = {isa = PBXFileReference; lastKnownFileType = sourcecode.swift; path = AppDetailUpdateInfoTableViewCell.swift; sourceTree = "<group>"; };
		AF15A42625573DAB0074B59A /* AppDetailUpdateInfoTableViewCell.xib */ = {isa = PBXFileReference; lastKnownFileType = file.xib; path = AppDetailUpdateInfoTableViewCell.xib; sourceTree = "<group>"; };
		AF3137372553F6CB000B44CC /* AppDetailViewController.swift */ = {isa = PBXFileReference; lastKnownFileType = sourcecode.swift; path = AppDetailViewController.swift; sourceTree = "<group>"; };
		AF3137382553F6CB000B44CC /* AppDetailViewController.xib */ = {isa = PBXFileReference; lastKnownFileType = file.xib; path = AppDetailViewController.xib; sourceTree = "<group>"; };
		AF31373D25554DD5000B44CC /* AppDetailResponse.swift */ = {isa = PBXFileReference; lastKnownFileType = sourcecode.swift; path = AppDetailResponse.swift; sourceTree = "<group>"; };
		AF3137402555650D000B44CC /* AppDetailImagesCell.swift */ = {isa = PBXFileReference; lastKnownFileType = sourcecode.swift; path = AppDetailImagesCell.swift; sourceTree = "<group>"; };
		AF3137412555650D000B44CC /* AppDetailImagesCell.xib */ = {isa = PBXFileReference; lastKnownFileType = file.xib; path = AppDetailImagesCell.xib; sourceTree = "<group>"; };
		AF313745255565B8000B44CC /* AppDetailInsideImageCell.swift */ = {isa = PBXFileReference; lastKnownFileType = sourcecode.swift; path = AppDetailInsideImageCell.swift; sourceTree = "<group>"; };
		AF313746255565B8000B44CC /* AppDetailInsideImageCell.xib */ = {isa = PBXFileReference; lastKnownFileType = file.xib; path = AppDetailInsideImageCell.xib; sourceTree = "<group>"; };
		AF676825255AD28800F4DC27 /* SearchTableViewCell.swift */ = {isa = PBXFileReference; lastKnownFileType = sourcecode.swift; path = SearchTableViewCell.swift; sourceTree = "<group>"; };
		AF676826255AD28800F4DC27 /* SearchTableViewCell.xib */ = {isa = PBXFileReference; lastKnownFileType = file.xib; path = SearchTableViewCell.xib; sourceTree = "<group>"; };
		AF67682E255AD5B000F4DC27 /* SearchResponse.swift */ = {isa = PBXFileReference; lastKnownFileType = sourcecode.swift; path = SearchResponse.swift; sourceTree = "<group>"; };
		AF676832255AE6AC00F4DC27 /* SearchDataManager.swift */ = {isa = PBXFileReference; lastKnownFileType = sourcecode.swift; path = SearchDataManager.swift; sourceTree = "<group>"; };
		AF6C1AC125598D2200D18B07 /* TodayCollectionViewCell.swift */ = {isa = PBXFileReference; lastKnownFileType = sourcecode.swift; path = TodayCollectionViewCell.swift; sourceTree = "<group>"; };
		AF6C1AC225598D2200D18B07 /* TodayCollectionViewCell.xib */ = {isa = PBXFileReference; lastKnownFileType = file.xib; path = TodayCollectionViewCell.xib; sourceTree = "<group>"; };
		AF6C1AC8255996FE00D18B07 /* TodayResponse.swift */ = {isa = PBXFileReference; lastKnownFileType = sourcecode.swift; path = TodayResponse.swift; sourceTree = "<group>"; };
		AF6C1ACD2559975600D18B07 /* TodayDataManager.swift */ = {isa = PBXFileReference; lastKnownFileType = sourcecode.swift; path = TodayDataManager.swift; sourceTree = "<group>"; };
		AF6C1ADA2559E23A00D18B07 /* TodayDetailImageCollectionViewCell.swift */ = {isa = PBXFileReference; lastKnownFileType = sourcecode.swift; path = TodayDetailImageCollectionViewCell.swift; sourceTree = "<group>"; };
		AF6C1ADB2559E23A00D18B07 /* TodayDetailImageCollectionViewCell.xib */ = {isa = PBXFileReference; lastKnownFileType = file.xib; path = TodayDetailImageCollectionViewCell.xib; sourceTree = "<group>"; };
		AF6C1AE82559EE4A00D18B07 /* TodayDetailViewController.swift */ = {isa = PBXFileReference; lastKnownFileType = sourcecode.swift; path = TodayDetailViewController.swift; sourceTree = "<group>"; };
		AF6C1AE92559EE4A00D18B07 /* TodayDetailViewController.xib */ = {isa = PBXFileReference; lastKnownFileType = file.xib; path = TodayDetailViewController.xib; sourceTree = "<group>"; };
		AF6C1B1D255A9F8E00D18B07 /* TodayHeaderView.swift */ = {isa = PBXFileReference; lastKnownFileType = sourcecode.swift; path = TodayHeaderView.swift; sourceTree = "<group>"; };
		AF6C1B1E255A9F8E00D18B07 /* TodayHeaderView.xib */ = {isa = PBXFileReference; lastKnownFileType = file.xib; path = TodayHeaderView.xib; sourceTree = "<group>"; };
		AFA92191254DC33600C640AC /* AppStore_Mock.app */ = {isa = PBXFileReference; explicitFileType = wrapper.application; includeInIndex = 0; path = AppStore_Mock.app; sourceTree = BUILT_PRODUCTS_DIR; };
		AFA92194254DC33600C640AC /* AppDelegate.swift */ = {isa = PBXFileReference; lastKnownFileType = sourcecode.swift; path = AppDelegate.swift; sourceTree = "<group>"; };
		AFA92196254DC33600C640AC /* SceneDelegate.swift */ = {isa = PBXFileReference; lastKnownFileType = sourcecode.swift; path = SceneDelegate.swift; sourceTree = "<group>"; };
		AFA92198254DC33600C640AC /* ViewController.swift */ = {isa = PBXFileReference; lastKnownFileType = sourcecode.swift; path = ViewController.swift; sourceTree = "<group>"; };
		AFA9219D254DC33900C640AC /* Assets.xcassets */ = {isa = PBXFileReference; lastKnownFileType = folder.assetcatalog; path = Assets.xcassets; sourceTree = "<group>"; };
		AFA921A0254DC33900C640AC /* Base */ = {isa = PBXFileReference; lastKnownFileType = file.storyboard; name = Base; path = Base.lproj/LaunchScreen.storyboard; sourceTree = "<group>"; };
		AFA921A2254DC33900C640AC /* Info.plist */ = {isa = PBXFileReference; lastKnownFileType = text.plist.xml; path = Info.plist; sourceTree = "<group>"; };
		AFA921B6254DC43600C640AC /* Constant.swift */ = {isa = PBXFileReference; fileEncoding = 4; lastKnownFileType = sourcecode.swift; path = Constant.swift; sourceTree = "<group>"; };
		AFA921B8254DC43600C640AC /* IndicatorView.swift */ = {isa = PBXFileReference; fileEncoding = 4; lastKnownFileType = sourcecode.swift; path = IndicatorView.swift; sourceTree = "<group>"; };
		AFA921B9254DC43600C640AC /* Device.swift */ = {isa = PBXFileReference; fileEncoding = 4; lastKnownFileType = sourcecode.swift; path = Device.swift; sourceTree = "<group>"; };
		AFA921BB254DC43600C640AC /* Date.swift */ = {isa = PBXFileReference; fileEncoding = 4; lastKnownFileType = sourcecode.swift; path = Date.swift; sourceTree = "<group>"; };
		AFA921BC254DC43600C640AC /* String.swift */ = {isa = PBXFileReference; fileEncoding = 4; lastKnownFileType = sourcecode.swift; path = String.swift; sourceTree = "<group>"; };
		AFA921BD254DC43600C640AC /* UIButton.swift */ = {isa = PBXFileReference; fileEncoding = 4; lastKnownFileType = sourcecode.swift; path = UIButton.swift; sourceTree = "<group>"; };
		AFA921BE254DC43600C640AC /* UIViewController.swift */ = {isa = PBXFileReference; fileEncoding = 4; lastKnownFileType = sourcecode.swift; path = UIViewController.swift; sourceTree = "<group>"; };
		AFA921BF254DC43600C640AC /* UINavigationBar.swift */ = {isa = PBXFileReference; fileEncoding = 4; lastKnownFileType = sourcecode.swift; path = UINavigationBar.swift; sourceTree = "<group>"; };
		AFA921C0254DC43600C640AC /* UIFont.swift */ = {isa = PBXFileReference; fileEncoding = 4; lastKnownFileType = sourcecode.swift; path = UIFont.swift; sourceTree = "<group>"; };
		AFA921C1254DC43600C640AC /* Color.swift */ = {isa = PBXFileReference; fileEncoding = 4; lastKnownFileType = sourcecode.swift; path = Color.swift; sourceTree = "<group>"; };
		AFA921C5254DC43600C640AC /* NotoSansCJKkr-Medium.otf */ = {isa = PBXFileReference; lastKnownFileType = file; path = "NotoSansCJKkr-Medium.otf"; sourceTree = "<group>"; };
		AFA921C6254DC43600C640AC /* NotoSansCJKkr-Regular.otf */ = {isa = PBXFileReference; lastKnownFileType = file; path = "NotoSansCJKkr-Regular.otf"; sourceTree = "<group>"; };
		AFA921C7254DC43600C640AC /* NotoSansCJKkr-Bold.otf */ = {isa = PBXFileReference; lastKnownFileType = file; path = "NotoSansCJKkr-Bold.otf"; sourceTree = "<group>"; };
		AFA9220F254EE66800C640AC /* GameMainViewController.swift */ = {isa = PBXFileReference; lastKnownFileType = sourcecode.swift; path = GameMainViewController.swift; sourceTree = "<group>"; };
		AFA92210254EE66800C640AC /* GameMainViewController.xib */ = {isa = PBXFileReference; lastKnownFileType = file.xib; path = GameMainViewController.xib; sourceTree = "<group>"; };
		AFA92214254EE69800C640AC /* AppMainViewController.swift */ = {isa = PBXFileReference; lastKnownFileType = sourcecode.swift; path = AppMainViewController.swift; sourceTree = "<group>"; };
		AFA92215254EE69900C640AC /* AppMainViewController.xib */ = {isa = PBXFileReference; lastKnownFileType = file.xib; path = AppMainViewController.xib; sourceTree = "<group>"; };
		AFA92219254EE6BB00C640AC /* ArcadeMainViewController.swift */ = {isa = PBXFileReference; lastKnownFileType = sourcecode.swift; path = ArcadeMainViewController.swift; sourceTree = "<group>"; };
		AFA9221A254EE6BB00C640AC /* ArcadeMainViewController.xib */ = {isa = PBXFileReference; lastKnownFileType = file.xib; path = ArcadeMainViewController.xib; sourceTree = "<group>"; };
		AFA9221E254EE6DA00C640AC /* SearchMainViewController.swift */ = {isa = PBXFileReference; lastKnownFileType = sourcecode.swift; path = SearchMainViewController.swift; sourceTree = "<group>"; };
		AFA9221F254EE6DA00C640AC /* SearchMainViewController.xib */ = {isa = PBXFileReference; lastKnownFileType = file.xib; path = SearchMainViewController.xib; sourceTree = "<group>"; };
		AFA92225254EE74600C640AC /* BaseTabBarController.swift */ = {isa = PBXFileReference; lastKnownFileType = sourcecode.swift; path = BaseTabBarController.swift; sourceTree = "<group>"; };
		AFA92229254EE78E00C640AC /* TodayMainViewController.swift */ = {isa = PBXFileReference; lastKnownFileType = sourcecode.swift; path = TodayMainViewController.swift; sourceTree = "<group>"; };
		AFA9222A254EE78E00C640AC /* TodayMainViewController.xib */ = {isa = PBXFileReference; lastKnownFileType = file.xib; path = TodayMainViewController.xib; sourceTree = "<group>"; };
		AFA9222F254F14F400C640AC /* BaseViewController.swift */ = {isa = PBXFileReference; lastKnownFileType = sourcecode.swift; path = BaseViewController.swift; sourceTree = "<group>"; };
		AFCE47E725556DDA0081E72E /* AppDetailInfoCell.swift */ = {isa = PBXFileReference; lastKnownFileType = sourcecode.swift; path = AppDetailInfoCell.swift; sourceTree = "<group>"; };
		AFCE47E825556DDA0081E72E /* AppDetailInfoCell.xib */ = {isa = PBXFileReference; lastKnownFileType = file.xib; path = AppDetailInfoCell.xib; sourceTree = "<group>"; };
		AFCE4801255575500081E72E /* AppDetailInfoTableViewCell.swift */ = {isa = PBXFileReference; lastKnownFileType = sourcecode.swift; path = AppDetailInfoTableViewCell.swift; sourceTree = "<group>"; };
		AFCE4802255575500081E72E /* AppDetailInfoTableViewCell.xib */ = {isa = PBXFileReference; lastKnownFileType = file.xib; path = AppDetailInfoTableViewCell.xib; sourceTree = "<group>"; };
		AFCE4806255577870081E72E /* AppDetailInfoTableViewSmallCell.swift */ = {isa = PBXFileReference; lastKnownFileType = sourcecode.swift; path = AppDetailInfoTableViewSmallCell.swift; sourceTree = "<group>"; };
		AFCE4807255577870081E72E /* AppDetailInfoTableViewSmallCell.xib */ = {isa = PBXFileReference; lastKnownFileType = file.xib; path = AppDetailInfoTableViewSmallCell.xib; sourceTree = "<group>"; };
		AFCE480B255578400081E72E /* AppDetailInfoTableViewLargeCell.swift */ = {isa = PBXFileReference; lastKnownFileType = sourcecode.swift; path = AppDetailInfoTableViewLargeCell.swift; sourceTree = "<group>"; };
		AFCE480C255578400081E72E /* AppDetailInfoTableViewLargeCell.xib */ = {isa = PBXFileReference; lastKnownFileType = file.xib; path = AppDetailInfoTableViewLargeCell.xib; sourceTree = "<group>"; };
		AFCE481525557ED90081E72E /* AppDetailDataManager.swift */ = {isa = PBXFileReference; lastKnownFileType = sourcecode.swift; path = AppDetailDataManager.swift; sourceTree = "<group>"; };
		AFD5FB6D255035A20037F87C /* AppSmallResponse.swift */ = {isa = PBXFileReference; lastKnownFileType = sourcecode.swift; path = AppSmallResponse.swift; sourceTree = "<group>"; };
		AFD5FB74255036490037F87C /* UIImageView.swift */ = {isa = PBXFileReference; lastKnownFileType = sourcecode.swift; path = UIImageView.swift; sourceTree = "<group>"; };
		AFD5FB82255060E50037F87C /* SnappingCollectionViewLayout.swift */ = {isa = PBXFileReference; lastKnownFileType = sourcecode.swift; name = SnappingCollectionViewLayout.swift; path = ../../../../../../Documents/SnappingCollectionViewLayout.swift; sourceTree = "<group>"; };
		AFD5FB9125515E430037F87C /* AppDataManager.swift */ = {isa = PBXFileReference; lastKnownFileType = sourcecode.swift; name = AppDataManager.swift; path = ../../../../../../../Documents/AppDataManager.swift; sourceTree = "<group>"; };
		AFD5FB96255184780037F87C /* AppInsideRatingSmallCell.xib */ = {isa = PBXFileReference; lastKnownFileType = file.xib; path = AppInsideRatingSmallCell.xib; sourceTree = "<group>"; };
		AFD5FB97255184790037F87C /* AppInsideRatingSmallCell.swift */ = {isa = PBXFileReference; lastKnownFileType = sourcecode.swift; path = AppInsideRatingSmallCell.swift; sourceTree = "<group>"; };
		AFE398D92555FFA10068114E /* AppDetailStackViewCell.swift */ = {isa = PBXFileReference; lastKnownFileType = sourcecode.swift; path = AppDetailStackViewCell.swift; sourceTree = "<group>"; };
		AFE398DA2555FFA10068114E /* AppDetailStackViewCell.xib */ = {isa = PBXFileReference; lastKnownFileType = file.xib; path = AppDetailStackViewCell.xib; sourceTree = "<group>"; };
		AFE398DE255695290068114E /* AppDetalInfoTableView.swift */ = {isa = PBXFileReference; lastKnownFileType = sourcecode.swift; path = AppDetalInfoTableView.swift; sourceTree = "<group>"; };
		AFF911B7254F3FE900C2A8DE /* AppLargeCell.swift */ = {isa = PBXFileReference; lastKnownFileType = sourcecode.swift; path = AppLargeCell.swift; sourceTree = "<group>"; };
		AFF911B8254F3FE900C2A8DE /* AppLargeCell.xib */ = {isa = PBXFileReference; lastKnownFileType = file.xib; path = AppLargeCell.xib; sourceTree = "<group>"; };
		AFF911BC254F407300C2A8DE /* AppInsideLargeCell.swift */ = {isa = PBXFileReference; lastKnownFileType = sourcecode.swift; path = AppInsideLargeCell.swift; sourceTree = "<group>"; };
		AFF911BD254F407300C2A8DE /* AppInsideLargeCell.xib */ = {isa = PBXFileReference; lastKnownFileType = file.xib; path = AppInsideLargeCell.xib; sourceTree = "<group>"; };
		AFF911C5254FA38200C2A8DE /* AppSmallCell.swift */ = {isa = PBXFileReference; lastKnownFileType = sourcecode.swift; path = AppSmallCell.swift; sourceTree = "<group>"; };
		AFF911C6254FA38200C2A8DE /* AppSmallCell.xib */ = {isa = PBXFileReference; lastKnownFileType = file.xib; path = AppSmallCell.xib; sourceTree = "<group>"; };
		AFF911CA254FA83700C2A8DE /* AppInsideSmallCell.swift */ = {isa = PBXFileReference; lastKnownFileType = sourcecode.swift; path = AppInsideSmallCell.swift; sourceTree = "<group>"; };
		AFF911CB254FA83700C2A8DE /* AppInsideSmallCell.xib */ = {isa = PBXFileReference; lastKnownFileType = file.xib; path = AppInsideSmallCell.xib; sourceTree = "<group>"; };
		AFF911D52550290800C2A8DE /* AppLargeResponse.swift */ = {isa = PBXFileReference; lastKnownFileType = sourcecode.swift; path = AppLargeResponse.swift; sourceTree = "<group>"; };
/* End PBXFileReference section */

/* Begin PBXFrameworksBuildPhase section */
		AFA9218E254DC33600C640AC /* Frameworks */ = {
			isa = PBXFrameworksBuildPhase;
			buildActionMask = 2147483647;
			files = (
				5683196118E8336B07F1E957 /* Pods_AppStore_Mock.framework in Frameworks */,
			);
			runOnlyForDeploymentPostprocessing = 0;
		};
/* End PBXFrameworksBuildPhase section */

/* Begin PBXGroup section */
		7776F2395FB8F46847F8D7AB /* Frameworks */ = {
			isa = PBXGroup;
			children = (
				69D4F50E01F4295BC634075C /* Pods_AppStore_Mock.framework */,
			);
			name = Frameworks;
			sourceTree = "<group>";
		};
		AF3137362553F6A1000B44CC /* Detail */ = {
			isa = PBXGroup;
			children = (
				AFCE48192555A3270081E72E /* Cell */,
				AFCE481425557ECB0081E72E /* DataManager */,
				AF31373C25554DBA000B44CC /* Entity */,
				AF3137372553F6CB000B44CC /* AppDetailViewController.swift */,
				AF3137382553F6CB000B44CC /* AppDetailViewController.xib */,
				AF15A42025573C3F0074B59A /* AppVersionDetailViewController.swift */,
				AF15A42125573C3F0074B59A /* AppVersionDetailViewController.xib */,
			);
			path = Detail;
			sourceTree = "<group>";
		};
		AF31373C25554DBA000B44CC /* Entity */ = {
			isa = PBXGroup;
			children = (
				AF31373D25554DD5000B44CC /* AppDetailResponse.swift */,
				AF15A415255735260074B59A /* AppUpdateInfoResponse.swift */,
			);
			path = Entity;
			sourceTree = "<group>";
		};
		AF676824255AD27100F4DC27 /* Cell */ = {
			isa = PBXGroup;
			children = (
				AF676825255AD28800F4DC27 /* SearchTableViewCell.swift */,
				AF676826255AD28800F4DC27 /* SearchTableViewCell.xib */,
			);
			path = Cell;
			sourceTree = "<group>";
		};
		AF67682C255AD59700F4DC27 /* Entity */ = {
			isa = PBXGroup;
			children = (
				AF67682E255AD5B000F4DC27 /* SearchResponse.swift */,
			);
			path = Entity;
			sourceTree = "<group>";
		};
		AF67682D255AD5A300F4DC27 /* DataManager */ = {
			isa = PBXGroup;
			children = (
				AF676832255AE6AC00F4DC27 /* SearchDataManager.swift */,
			);
			path = DataManager;
			sourceTree = "<group>";
		};
		AF6C1AC025598D1000D18B07 /* Cell */ = {
			isa = PBXGroup;
			children = (
				AF6C1B1D255A9F8E00D18B07 /* TodayHeaderView.swift */,
				AF6C1B1E255A9F8E00D18B07 /* TodayHeaderView.xib */,
				AF6C1AC125598D2200D18B07 /* TodayCollectionViewCell.swift */,
				AF6C1AC225598D2200D18B07 /* TodayCollectionViewCell.xib */,
			);
			path = Cell;
			sourceTree = "<group>";
		};
		AF6C1AC7255996E300D18B07 /* Entity */ = {
			isa = PBXGroup;
			children = (
				AF6C1AC8255996FE00D18B07 /* TodayResponse.swift */,
			);
			path = Entity;
			sourceTree = "<group>";
		};
		AF6C1ACC2559974800D18B07 /* DataManager */ = {
			isa = PBXGroup;
			children = (
				AF6C1ACD2559975600D18B07 /* TodayDataManager.swift */,
			);
			path = DataManager;
			sourceTree = "<group>";
		};
		AF6C1AD12559B05F00D18B07 /* Detail */ = {
			isa = PBXGroup;
			children = (
				AF6C1AD82559E20900D18B07 /* Cell */,
				AF6C1AE82559EE4A00D18B07 /* TodayDetailViewController.swift */,
				AF6C1AE92559EE4A00D18B07 /* TodayDetailViewController.xib */,
			);
			path = Detail;
			sourceTree = "<group>";
		};
		AF6C1AD82559E20900D18B07 /* Cell */ = {
			isa = PBXGroup;
			children = (
				AF6C1ADA2559E23A00D18B07 /* TodayDetailImageCollectionViewCell.swift */,
				AF6C1ADB2559E23A00D18B07 /* TodayDetailImageCollectionViewCell.xib */,
			);
			path = Cell;
			sourceTree = "<group>";
		};
		AFA92188254DC33600C640AC = {
			isa = PBXGroup;
			children = (
				AFA92193254DC33600C640AC /* AppStore_Mock */,
				AFA92192254DC33600C640AC /* Products */,
				C42474B925B707D1E9BC770E /* Pods */,
				7776F2395FB8F46847F8D7AB /* Frameworks */,
			);
			sourceTree = "<group>";
		};
		AFA92192254DC33600C640AC /* Products */ = {
			isa = PBXGroup;
			children = (
				AFA92191254DC33600C640AC /* AppStore_Mock.app */,
			);
			name = Products;
			sourceTree = "<group>";
		};
		AFA92193254DC33600C640AC /* AppStore_Mock */ = {
			isa = PBXGroup;
			children = (
				AFA921B5254DC43600C640AC /* Configuration */,
				AFA921FF254EE53400C640AC /* Today */,
				AFA92200254EE53E00C640AC /* Game */,
				AFA92201254EE55700C640AC /* App */,
				AFA92202254EE55C00C640AC /* Arcade */,
				AFA92203254EE56500C640AC /* Search */,
				AFA92194254DC33600C640AC /* AppDelegate.swift */,
				AFA92196254DC33600C640AC /* SceneDelegate.swift */,
				AFA92198254DC33600C640AC /* ViewController.swift */,
				AFA9219D254DC33900C640AC /* Assets.xcassets */,
				AFA9219F254DC33900C640AC /* LaunchScreen.storyboard */,
				AFA921A2254DC33900C640AC /* Info.plist */,
			);
			path = AppStore_Mock;
			sourceTree = "<group>";
		};
		AFA921B5254DC43600C640AC /* Configuration */ = {
			isa = PBXGroup;
			children = (
				AFA921B6254DC43600C640AC /* Constant.swift */,
				AFA921C2254DC43600C640AC /* Secret */,
				AFA921C4254DC43600C640AC /* Font */,
				AFA921BA254DC43600C640AC /* Extension */,
				AFA921B7254DC43600C640AC /* CommonClass */,
				AFA92223254EE71E00C640AC /* Base */,
			);
			path = Configuration;
			sourceTree = "<group>";
		};
		AFA921B7254DC43600C640AC /* CommonClass */ = {
			isa = PBXGroup;
			children = (
				AFA921B8254DC43600C640AC /* IndicatorView.swift */,
				AFA921B9254DC43600C640AC /* Device.swift */,
			);
			path = CommonClass;
			sourceTree = "<group>";
		};
		AFA921BA254DC43600C640AC /* Extension */ = {
			isa = PBXGroup;
			children = (
				AFA921BB254DC43600C640AC /* Date.swift */,
				AFA921BC254DC43600C640AC /* String.swift */,
				AFA921BD254DC43600C640AC /* UIButton.swift */,
				AFA921BE254DC43600C640AC /* UIViewController.swift */,
				AFA921BF254DC43600C640AC /* UINavigationBar.swift */,
				AFA921C0254DC43600C640AC /* UIFont.swift */,
				AFA921C1254DC43600C640AC /* Color.swift */,
				AFD5FB74255036490037F87C /* UIImageView.swift */,
				AF15A41D25573B020074B59A /* Int.swift */,
			);
			path = Extension;
			sourceTree = "<group>";
		};
		AFA921C2254DC43600C640AC /* Secret */ = {
			isa = PBXGroup;
			children = (
			);
			path = Secret;
			sourceTree = "<group>";
		};
		AFA921C4254DC43600C640AC /* Font */ = {
			isa = PBXGroup;
			children = (
				AFA921C6254DC43600C640AC /* NotoSansCJKkr-Regular.otf */,
				AFA921C5254DC43600C640AC /* NotoSansCJKkr-Medium.otf */,
				AFA921C7254DC43600C640AC /* NotoSansCJKkr-Bold.otf */,
			);
			path = Font;
			sourceTree = "<group>";
		};
		AFA921FF254EE53400C640AC /* Today */ = {
			isa = PBXGroup;
			children = (
				AF6C1AD12559B05F00D18B07 /* Detail */,
				AFA92204254EE5B500C640AC /* Main */,
			);
			path = Today;
			sourceTree = "<group>";
		};
		AFA92200254EE53E00C640AC /* Game */ = {
			isa = PBXGroup;
			children = (
				AFA92205254EE5BB00C640AC /* Main */,
			);
			path = Game;
			sourceTree = "<group>";
		};
		AFA92201254EE55700C640AC /* App */ = {
			isa = PBXGroup;
			children = (
				AF3137362553F6A1000B44CC /* Detail */,
				AFA92206254EE5BE00C640AC /* Main */,
			);
			path = App;
			sourceTree = "<group>";
		};
		AFA92202254EE55C00C640AC /* Arcade */ = {
			isa = PBXGroup;
			children = (
				AFA92207254EE5C200C640AC /* Main */,
			);
			path = Arcade;
			sourceTree = "<group>";
		};
		AFA92203254EE56500C640AC /* Search */ = {
			isa = PBXGroup;
			children = (
				AFA92208254EE5C700C640AC /* Main */,
			);
			path = Search;
			sourceTree = "<group>";
		};
		AFA92204254EE5B500C640AC /* Main */ = {
			isa = PBXGroup;
			children = (
				AF6C1ACC2559974800D18B07 /* DataManager */,
				AF6C1AC7255996E300D18B07 /* Entity */,
				AF6C1AC025598D1000D18B07 /* Cell */,
				AFA92229254EE78E00C640AC /* TodayMainViewController.swift */,
				AFA9222A254EE78E00C640AC /* TodayMainViewController.xib */,
			);
			path = Main;
			sourceTree = "<group>";
		};
		AFA92205254EE5BB00C640AC /* Main */ = {
			isa = PBXGroup;
			children = (
				AFA9220F254EE66800C640AC /* GameMainViewController.swift */,
				AFA92210254EE66800C640AC /* GameMainViewController.xib */,
			);
			path = Main;
			sourceTree = "<group>";
		};
		AFA92206254EE5BE00C640AC /* Main */ = {
			isa = PBXGroup;
			children = (
				AFA92214254EE69800C640AC /* AppMainViewController.swift */,
				AFA92215254EE69900C640AC /* AppMainViewController.xib */,
				AFF911D4255028E900C2A8DE /* Entity */,
				AFD5FB952551846D0037F87C /* Cell */,
				AFD5FB9025515E2D0037F87C /* DataManager */,
			);
			path = Main;
			sourceTree = "<group>";
		};
		AFA92207254EE5C200C640AC /* Main */ = {
			isa = PBXGroup;
			children = (
				AFA92219254EE6BB00C640AC /* ArcadeMainViewController.swift */,
				AFA9221A254EE6BB00C640AC /* ArcadeMainViewController.xib */,
			);
			path = Main;
			sourceTree = "<group>";
		};
		AFA92208254EE5C700C640AC /* Main */ = {
			isa = PBXGroup;
			children = (
				AF67682D255AD5A300F4DC27 /* DataManager */,
				AF67682C255AD59700F4DC27 /* Entity */,
				AF676824255AD27100F4DC27 /* Cell */,
				AFA9221E254EE6DA00C640AC /* SearchMainViewController.swift */,
				AFA9221F254EE6DA00C640AC /* SearchMainViewController.xib */,
			);
			path = Main;
			sourceTree = "<group>";
		};
		AFA92223254EE71E00C640AC /* Base */ = {
			isa = PBXGroup;
			children = (
				AFA92225254EE74600C640AC /* BaseTabBarController.swift */,
				AFA9222F254F14F400C640AC /* BaseViewController.swift */,
				AFD5FB82255060E50037F87C /* SnappingCollectionViewLayout.swift */,
			);
			path = Base;
			sourceTree = "<group>";
		};
		AFCE481425557ECB0081E72E /* DataManager */ = {
			isa = PBXGroup;
			children = (
				AFCE481525557ED90081E72E /* AppDetailDataManager.swift */,
			);
			path = DataManager;
			sourceTree = "<group>";
		};
		AFCE48192555A3270081E72E /* Cell */ = {
			isa = PBXGroup;
			children = (
				AF3137402555650D000B44CC /* AppDetailImagesCell.swift */,
				AF3137412555650D000B44CC /* AppDetailImagesCell.xib */,
				AF313745255565B8000B44CC /* AppDetailInsideImageCell.swift */,
				AF313746255565B8000B44CC /* AppDetailInsideImageCell.xib */,
				AFCE47E725556DDA0081E72E /* AppDetailInfoCell.swift */,
				AFCE47E825556DDA0081E72E /* AppDetailInfoCell.xib */,
				AFCE4801255575500081E72E /* AppDetailInfoTableViewCell.swift */,
				AFCE4802255575500081E72E /* AppDetailInfoTableViewCell.xib */,
				AFCE4806255577870081E72E /* AppDetailInfoTableViewSmallCell.swift */,
				AFCE4807255577870081E72E /* AppDetailInfoTableViewSmallCell.xib */,
				AFCE480B255578400081E72E /* AppDetailInfoTableViewLargeCell.swift */,
				AFCE480C255578400081E72E /* AppDetailInfoTableViewLargeCell.xib */,
				AFE398D92555FFA10068114E /* AppDetailStackViewCell.swift */,
				AFE398DA2555FFA10068114E /* AppDetailStackViewCell.xib */,
				AFE398DE255695290068114E /* AppDetalInfoTableView.swift */,
				AF15A40C2557116B0074B59A /* AppDetailHeaderTableViewCell.swift */,
				AF15A40D2557116B0074B59A /* AppDetailHeaderTableViewCell.xib */,
				AF15A418255737710074B59A /* AppDetailUpdateInfoCell.swift */,
				AF15A419255737710074B59A /* AppDetailUpdateInfoCell.xib */,
				AF15A42525573DAB0074B59A /* AppDetailUpdateInfoTableViewCell.swift */,
				AF15A42625573DAB0074B59A /* AppDetailUpdateInfoTableViewCell.xib */,
			);
			path = Cell;
			sourceTree = "<group>";
		};
		AFD5FB9025515E2D0037F87C /* DataManager */ = {
			isa = PBXGroup;
			children = (
				AFD5FB9125515E430037F87C /* AppDataManager.swift */,
			);
			path = DataManager;
			sourceTree = "<group>";
		};
		AFD5FB952551846D0037F87C /* Cell */ = {
			isa = PBXGroup;
			children = (
				AFF911B7254F3FE900C2A8DE /* AppLargeCell.swift */,
				AFF911B8254F3FE900C2A8DE /* AppLargeCell.xib */,
				AFF911BC254F407300C2A8DE /* AppInsideLargeCell.swift */,
				AFF911BD254F407300C2A8DE /* AppInsideLargeCell.xib */,
				AFF911C5254FA38200C2A8DE /* AppSmallCell.swift */,
				AFF911C6254FA38200C2A8DE /* AppSmallCell.xib */,
				AFF911CA254FA83700C2A8DE /* AppInsideSmallCell.swift */,
				AFF911CB254FA83700C2A8DE /* AppInsideSmallCell.xib */,
				AFD5FB97255184790037F87C /* AppInsideRatingSmallCell.swift */,
				AFD5FB96255184780037F87C /* AppInsideRatingSmallCell.xib */,
			);
			path = Cell;
			sourceTree = "<group>";
		};
		AFF911D4255028E900C2A8DE /* Entity */ = {
			isa = PBXGroup;
			children = (
				AFF911D52550290800C2A8DE /* AppLargeResponse.swift */,
				AFD5FB6D255035A20037F87C /* AppSmallResponse.swift */,
			);
			path = Entity;
			sourceTree = "<group>";
		};
		C42474B925B707D1E9BC770E /* Pods */ = {
			isa = PBXGroup;
			children = (
				AC6BBC3CEBD8464AB6548666 /* Pods-AppStore_Mock.debug.xcconfig */,
				383835258D7CB664C8E0CE21 /* Pods-AppStore_Mock.release.xcconfig */,
			);
			path = Pods;
			sourceTree = "<group>";
		};
/* End PBXGroup section */

/* Begin PBXNativeTarget section */
		AFA92190254DC33600C640AC /* AppStore_Mock */ = {
			isa = PBXNativeTarget;
			buildConfigurationList = AFA921A5254DC33900C640AC /* Build configuration list for PBXNativeTarget "AppStore_Mock" */;
			buildPhases = (
				6A8264A42EDEB960B685D55F /* [CP] Check Pods Manifest.lock */,
				AFA9218D254DC33600C640AC /* Sources */,
				AFA9218E254DC33600C640AC /* Frameworks */,
				AFA9218F254DC33600C640AC /* Resources */,
				9D03A38432C03285ECD28E9D /* [CP] Embed Pods Frameworks */,
			);
			buildRules = (
			);
			dependencies = (
			);
			name = AppStore_Mock;
			productName = AppStore_Mock;
			productReference = AFA92191254DC33600C640AC /* AppStore_Mock.app */;
			productType = "com.apple.product-type.application";
		};
/* End PBXNativeTarget section */

/* Begin PBXProject section */
		AFA92189254DC33600C640AC /* Project object */ = {
			isa = PBXProject;
			attributes = {
				LastSwiftUpdateCheck = 1210;
				LastUpgradeCheck = 1210;
				TargetAttributes = {
					AFA92190254DC33600C640AC = {
						CreatedOnToolsVersion = 12.1;
					};
				};
			};
			buildConfigurationList = AFA9218C254DC33600C640AC /* Build configuration list for PBXProject "AppStore_Mock" */;
			compatibilityVersion = "Xcode 9.3";
			developmentRegion = en;
			hasScannedForEncodings = 0;
			knownRegions = (
				en,
				Base,
			);
			mainGroup = AFA92188254DC33600C640AC;
			productRefGroup = AFA92192254DC33600C640AC /* Products */;
			projectDirPath = "";
			projectRoot = "";
			targets = (
				AFA92190254DC33600C640AC /* AppStore_Mock */,
			);
		};
/* End PBXProject section */

/* Begin PBXResourcesBuildPhase section */
		AFA9218F254DC33600C640AC /* Resources */ = {
			isa = PBXResourcesBuildPhase;
			buildActionMask = 2147483647;
			files = (
				AFF911CD254FA83700C2A8DE /* AppInsideSmallCell.xib in Resources */,
				AFA921A1254DC33900C640AC /* LaunchScreen.storyboard in Resources */,
				AFCE480E255578400081E72E /* AppDetailInfoTableViewLargeCell.xib in Resources */,
				AF313748255565B8000B44CC /* AppDetailInsideImageCell.xib in Resources */,
				AF3137432555650E000B44CC /* AppDetailImagesCell.xib in Resources */,
				AF676828255AD28800F4DC27 /* SearchTableViewCell.xib in Resources */,
				AFA9222C254EE78E00C640AC /* TodayMainViewController.xib in Resources */,
				AFCE4804255575500081E72E /* AppDetailInfoTableViewCell.xib in Resources */,
				AF6C1ADD2559E23A00D18B07 /* TodayDetailImageCollectionViewCell.xib in Resources */,
				AFCE4809255577870081E72E /* AppDetailInfoTableViewSmallCell.xib in Resources */,
				AF6C1B20255A9F8E00D18B07 /* TodayHeaderView.xib in Resources */,
				AFE398DC2555FFA10068114E /* AppDetailStackViewCell.xib in Resources */,
				AFA921D8254DC43600C640AC /* NotoSansCJKkr-Bold.otf in Resources */,
				AFA921D7254DC43600C640AC /* NotoSansCJKkr-Regular.otf in Resources */,
				AF6C1AEB2559EE4A00D18B07 /* TodayDetailViewController.xib in Resources */,
				AFA9219E254DC33900C640AC /* Assets.xcassets in Resources */,
				AFF911C8254FA38200C2A8DE /* AppSmallCell.xib in Resources */,
				AFF911BF254F407300C2A8DE /* AppInsideLargeCell.xib in Resources */,
				AF15A40F2557116B0074B59A /* AppDetailHeaderTableViewCell.xib in Resources */,
				AF15A42825573DAB0074B59A /* AppDetailUpdateInfoTableViewCell.xib in Resources */,
				AFCE47EA25556DDA0081E72E /* AppDetailInfoCell.xib in Resources */,
				AFA5879B2551868000AC205E /* AppInsideRatingSmallCell.xib in Resources */,
				AF6C1AC425598D2200D18B07 /* TodayCollectionViewCell.xib in Resources */,
				AFF911BA254F3FE900C2A8DE /* AppLargeCell.xib in Resources */,
				AFA921D6254DC43600C640AC /* NotoSansCJKkr-Medium.otf in Resources */,
				AF31373A2553F6CB000B44CC /* AppDetailViewController.xib in Resources */,
				AFA9221C254EE6BB00C640AC /* ArcadeMainViewController.xib in Resources */,
				AFA92212254EE66800C640AC /* GameMainViewController.xib in Resources */,
				AF15A42325573C3F0074B59A /* AppVersionDetailViewController.xib in Resources */,
				AFA92217254EE69900C640AC /* AppMainViewController.xib in Resources */,
				AFA92221254EE6DA00C640AC /* SearchMainViewController.xib in Resources */,
				AF15A41B255737710074B59A /* AppDetailUpdateInfoCell.xib in Resources */,
			);
			runOnlyForDeploymentPostprocessing = 0;
		};
/* End PBXResourcesBuildPhase section */

/* Begin PBXShellScriptBuildPhase section */
		6A8264A42EDEB960B685D55F /* [CP] Check Pods Manifest.lock */ = {
			isa = PBXShellScriptBuildPhase;
			buildActionMask = 2147483647;
			files = (
			);
			inputFileListPaths = (
			);
			inputPaths = (
				"${PODS_PODFILE_DIR_PATH}/Podfile.lock",
				"${PODS_ROOT}/Manifest.lock",
			);
			name = "[CP] Check Pods Manifest.lock";
			outputFileListPaths = (
			);
			outputPaths = (
				"$(DERIVED_FILE_DIR)/Pods-AppStore_Mock-checkManifestLockResult.txt",
			);
			runOnlyForDeploymentPostprocessing = 0;
			shellPath = /bin/sh;
			shellScript = "diff \"${PODS_PODFILE_DIR_PATH}/Podfile.lock\" \"${PODS_ROOT}/Manifest.lock\" > /dev/null\nif [ $? != 0 ] ; then\n    # print error to STDERR\n    echo \"error: The sandbox is not in sync with the Podfile.lock. Run 'pod install' or update your CocoaPods installation.\" >&2\n    exit 1\nfi\n# This output is used by Xcode 'outputs' to avoid re-running this script phase.\necho \"SUCCESS\" > \"${SCRIPT_OUTPUT_FILE_0}\"\n";
			showEnvVarsInLog = 0;
		};
		9D03A38432C03285ECD28E9D /* [CP] Embed Pods Frameworks */ = {
			isa = PBXShellScriptBuildPhase;
			buildActionMask = 2147483647;
			files = (
			);
			inputFileListPaths = (
				"${PODS_ROOT}/Target Support Files/Pods-AppStore_Mock/Pods-AppStore_Mock-frameworks-${CONFIGURATION}-input-files.xcfilelist",
			);
			name = "[CP] Embed Pods Frameworks";
			outputFileListPaths = (
				"${PODS_ROOT}/Target Support Files/Pods-AppStore_Mock/Pods-AppStore_Mock-frameworks-${CONFIGURATION}-output-files.xcfilelist",
			);
			runOnlyForDeploymentPostprocessing = 0;
			shellPath = /bin/sh;
			shellScript = "\"${PODS_ROOT}/Target Support Files/Pods-AppStore_Mock/Pods-AppStore_Mock-frameworks.sh\"\n";
			showEnvVarsInLog = 0;
		};
/* End PBXShellScriptBuildPhase section */

/* Begin PBXSourcesBuildPhase section */
		AFA9218D254DC33600C640AC /* Sources */ = {
			isa = PBXSourcesBuildPhase;
			buildActionMask = 2147483647;
			files = (
				AFA92199254DC33600C640AC /* ViewController.swift in Sources */,
				AFCE480D255578400081E72E /* AppDetailInfoTableViewLargeCell.swift in Sources */,
				AF6C1AC9255996FE00D18B07 /* TodayResponse.swift in Sources */,
				AFE398DF255695290068114E /* AppDetalInfoTableView.swift in Sources */,
				AF676827255AD28800F4DC27 /* SearchTableViewCell.swift in Sources */,
				AF676833255AE6AC00F4DC27 /* SearchDataManager.swift in Sources */,
				AF6C1ACE2559975600D18B07 /* TodayDataManager.swift in Sources */,
				AF67682F255AD5B000F4DC27 /* SearchResponse.swift in Sources */,
				AF6C1B1F255A9F8E00D18B07 /* TodayHeaderView.swift in Sources */,
				AFA92195254DC33600C640AC /* AppDelegate.swift in Sources */,
				AFA92226254EE74600C640AC /* BaseTabBarController.swift in Sources */,
				AFA9222B254EE78E00C640AC /* TodayMainViewController.swift in Sources */,
				AF313747255565B8000B44CC /* AppDetailInsideImageCell.swift in Sources */,
				AFA921CE254DC43600C640AC /* Date.swift in Sources */,
				AFA92230254F14F400C640AC /* BaseViewController.swift in Sources */,
				AFA92197254DC33600C640AC /* SceneDelegate.swift in Sources */,
				AF15A42225573C3F0074B59A /* AppVersionDetailViewController.swift in Sources */,
				AFD5FB6E255035A20037F87C /* AppSmallResponse.swift in Sources */,
				AFA921D4254DC43600C640AC /* Color.swift in Sources */,
				AFCE4808255577870081E72E /* AppDetailInfoTableViewSmallCell.swift in Sources */,
				AFCE47E925556DDA0081E72E /* AppDetailInfoCell.swift in Sources */,
				AFF911BE254F407300C2A8DE /* AppInsideLargeCell.swift in Sources */,
				AFA92220254EE6DA00C640AC /* SearchMainViewController.swift in Sources */,
				AF3137392553F6CB000B44CC /* AppDetailViewController.swift in Sources */,
				AFA921D1254DC43600C640AC /* UIViewController.swift in Sources */,
				AFE398DB2555FFA10068114E /* AppDetailStackViewCell.swift in Sources */,
				AFD5FB9F255184CE0037F87C /* AppInsideRatingSmallCell.swift in Sources */,
				AF15A416255735260074B59A /* AppUpdateInfoResponse.swift in Sources */,
				AFA921CD254DC43600C640AC /* Device.swift in Sources */,
				AFF911CC254FA83700C2A8DE /* AppInsideSmallCell.swift in Sources */,
				AFA921CB254DC43600C640AC /* Constant.swift in Sources */,
				AFCE481625557ED90081E72E /* AppDetailDataManager.swift in Sources */,
				AF3137422555650E000B44CC /* AppDetailImagesCell.swift in Sources */,
				AFD5FB75255036490037F87C /* UIImageView.swift in Sources */,
				AFF911B9254F3FE900C2A8DE /* AppLargeCell.swift in Sources */,
				AFCE4803255575500081E72E /* AppDetailInfoTableViewCell.swift in Sources */,
				AFD5FB9225515E430037F87C /* AppDataManager.swift in Sources */,
				AFF911C7254FA38200C2A8DE /* AppSmallCell.swift in Sources */,
				AF6C1AC325598D2200D18B07 /* TodayCollectionViewCell.swift in Sources */,
				AFA921CF254DC43600C640AC /* String.swift in Sources */,
				AFD5FB83255060E50037F87C /* SnappingCollectionViewLayout.swift in Sources */,
				AF31373E25554DD5000B44CC /* AppDetailResponse.swift in Sources */,
				AF6C1AEA2559EE4A00D18B07 /* TodayDetailViewController.swift in Sources */,
				AFF911D62550290800C2A8DE /* AppLargeResponse.swift in Sources */,
				AFA921D3254DC43600C640AC /* UIFont.swift in Sources */,
				AFA92216254EE69900C640AC /* AppMainViewController.swift in Sources */,
				AF15A42725573DAB0074B59A /* AppDetailUpdateInfoTableViewCell.swift in Sources */,
				AFA921CC254DC43600C640AC /* IndicatorView.swift in Sources */,
				AF15A41A255737710074B59A /* AppDetailUpdateInfoCell.swift in Sources */,
				AFA921D2254DC43600C640AC /* UINavigationBar.swift in Sources */,
				AF6C1ADC2559E23A00D18B07 /* TodayDetailImageCollectionViewCell.swift in Sources */,
				AF15A41E25573B020074B59A /* Int.swift in Sources */,
				AFA92211254EE66800C640AC /* GameMainViewController.swift in Sources */,
				AF15A40E2557116B0074B59A /* AppDetailHeaderTableViewCell.swift in Sources */,
				AFA9221B254EE6BB00C640AC /* ArcadeMainViewController.swift in Sources */,
				AFA921D0254DC43600C640AC /* UIButton.swift in Sources */,
			);
			runOnlyForDeploymentPostprocessing = 0;
		};
/* End PBXSourcesBuildPhase section */

/* Begin PBXVariantGroup section */
		AFA9219F254DC33900C640AC /* LaunchScreen.storyboard */ = {
			isa = PBXVariantGroup;
			children = (
				AFA921A0254DC33900C640AC /* Base */,
			);
			name = LaunchScreen.storyboard;
			sourceTree = "<group>";
		};
/* End PBXVariantGroup section */

/* Begin XCBuildConfiguration section */
		AFA921A3254DC33900C640AC /* Debug */ = {
			isa = XCBuildConfiguration;
			buildSettings = {
				ALWAYS_SEARCH_USER_PATHS = NO;
				CLANG_ANALYZER_NONNULL = YES;
				CLANG_ANALYZER_NUMBER_OBJECT_CONVERSION = YES_AGGRESSIVE;
				CLANG_CXX_LANGUAGE_STANDARD = "gnu++14";
				CLANG_CXX_LIBRARY = "libc++";
				CLANG_ENABLE_MODULES = YES;
				CLANG_ENABLE_OBJC_ARC = YES;
				CLANG_ENABLE_OBJC_WEAK = YES;
				CLANG_WARN_BLOCK_CAPTURE_AUTORELEASING = YES;
				CLANG_WARN_BOOL_CONVERSION = YES;
				CLANG_WARN_COMMA = YES;
				CLANG_WARN_CONSTANT_CONVERSION = YES;
				CLANG_WARN_DEPRECATED_OBJC_IMPLEMENTATIONS = YES;
				CLANG_WARN_DIRECT_OBJC_ISA_USAGE = YES_ERROR;
				CLANG_WARN_DOCUMENTATION_COMMENTS = YES;
				CLANG_WARN_EMPTY_BODY = YES;
				CLANG_WARN_ENUM_CONVERSION = YES;
				CLANG_WARN_INFINITE_RECURSION = YES;
				CLANG_WARN_INT_CONVERSION = YES;
				CLANG_WARN_NON_LITERAL_NULL_CONVERSION = YES;
				CLANG_WARN_OBJC_IMPLICIT_RETAIN_SELF = YES;
				CLANG_WARN_OBJC_LITERAL_CONVERSION = YES;
				CLANG_WARN_OBJC_ROOT_CLASS = YES_ERROR;
				CLANG_WARN_QUOTED_INCLUDE_IN_FRAMEWORK_HEADER = YES;
				CLANG_WARN_RANGE_LOOP_ANALYSIS = YES;
				CLANG_WARN_STRICT_PROTOTYPES = YES;
				CLANG_WARN_SUSPICIOUS_MOVE = YES;
				CLANG_WARN_UNGUARDED_AVAILABILITY = YES_AGGRESSIVE;
				CLANG_WARN_UNREACHABLE_CODE = YES;
				CLANG_WARN__DUPLICATE_METHOD_MATCH = YES;
				COPY_PHASE_STRIP = NO;
				DEBUG_INFORMATION_FORMAT = dwarf;
				ENABLE_STRICT_OBJC_MSGSEND = YES;
				ENABLE_TESTABILITY = YES;
				GCC_C_LANGUAGE_STANDARD = gnu11;
				GCC_DYNAMIC_NO_PIC = NO;
				GCC_NO_COMMON_BLOCKS = YES;
				GCC_OPTIMIZATION_LEVEL = 0;
				GCC_PREPROCESSOR_DEFINITIONS = (
					"DEBUG=1",
					"$(inherited)",
				);
				GCC_WARN_64_TO_32_BIT_CONVERSION = YES;
				GCC_WARN_ABOUT_RETURN_TYPE = YES_ERROR;
				GCC_WARN_UNDECLARED_SELECTOR = YES;
				GCC_WARN_UNINITIALIZED_AUTOS = YES_AGGRESSIVE;
				GCC_WARN_UNUSED_FUNCTION = YES;
				GCC_WARN_UNUSED_VARIABLE = YES;
				IPHONEOS_DEPLOYMENT_TARGET = 14.1;
				MTL_ENABLE_DEBUG_INFO = INCLUDE_SOURCE;
				MTL_FAST_MATH = YES;
				ONLY_ACTIVE_ARCH = YES;
				SDKROOT = iphoneos;
				SWIFT_ACTIVE_COMPILATION_CONDITIONS = DEBUG;
				SWIFT_OPTIMIZATION_LEVEL = "-Onone";
			};
			name = Debug;
		};
		AFA921A4254DC33900C640AC /* Release */ = {
			isa = XCBuildConfiguration;
			buildSettings = {
				ALWAYS_SEARCH_USER_PATHS = NO;
				CLANG_ANALYZER_NONNULL = YES;
				CLANG_ANALYZER_NUMBER_OBJECT_CONVERSION = YES_AGGRESSIVE;
				CLANG_CXX_LANGUAGE_STANDARD = "gnu++14";
				CLANG_CXX_LIBRARY = "libc++";
				CLANG_ENABLE_MODULES = YES;
				CLANG_ENABLE_OBJC_ARC = YES;
				CLANG_ENABLE_OBJC_WEAK = YES;
				CLANG_WARN_BLOCK_CAPTURE_AUTORELEASING = YES;
				CLANG_WARN_BOOL_CONVERSION = YES;
				CLANG_WARN_COMMA = YES;
				CLANG_WARN_CONSTANT_CONVERSION = YES;
				CLANG_WARN_DEPRECATED_OBJC_IMPLEMENTATIONS = YES;
				CLANG_WARN_DIRECT_OBJC_ISA_USAGE = YES_ERROR;
				CLANG_WARN_DOCUMENTATION_COMMENTS = YES;
				CLANG_WARN_EMPTY_BODY = YES;
				CLANG_WARN_ENUM_CONVERSION = YES;
				CLANG_WARN_INFINITE_RECURSION = YES;
				CLANG_WARN_INT_CONVERSION = YES;
				CLANG_WARN_NON_LITERAL_NULL_CONVERSION = YES;
				CLANG_WARN_OBJC_IMPLICIT_RETAIN_SELF = YES;
				CLANG_WARN_OBJC_LITERAL_CONVERSION = YES;
				CLANG_WARN_OBJC_ROOT_CLASS = YES_ERROR;
				CLANG_WARN_QUOTED_INCLUDE_IN_FRAMEWORK_HEADER = YES;
				CLANG_WARN_RANGE_LOOP_ANALYSIS = YES;
				CLANG_WARN_STRICT_PROTOTYPES = YES;
				CLANG_WARN_SUSPICIOUS_MOVE = YES;
				CLANG_WARN_UNGUARDED_AVAILABILITY = YES_AGGRESSIVE;
				CLANG_WARN_UNREACHABLE_CODE = YES;
				CLANG_WARN__DUPLICATE_METHOD_MATCH = YES;
				COPY_PHASE_STRIP = NO;
				DEBUG_INFORMATION_FORMAT = "dwarf-with-dsym";
				ENABLE_NS_ASSERTIONS = NO;
				ENABLE_STRICT_OBJC_MSGSEND = YES;
				GCC_C_LANGUAGE_STANDARD = gnu11;
				GCC_NO_COMMON_BLOCKS = YES;
				GCC_WARN_64_TO_32_BIT_CONVERSION = YES;
				GCC_WARN_ABOUT_RETURN_TYPE = YES_ERROR;
				GCC_WARN_UNDECLARED_SELECTOR = YES;
				GCC_WARN_UNINITIALIZED_AUTOS = YES_AGGRESSIVE;
				GCC_WARN_UNUSED_FUNCTION = YES;
				GCC_WARN_UNUSED_VARIABLE = YES;
				IPHONEOS_DEPLOYMENT_TARGET = 14.1;
				MTL_ENABLE_DEBUG_INFO = NO;
				MTL_FAST_MATH = YES;
				SDKROOT = iphoneos;
				SWIFT_COMPILATION_MODE = wholemodule;
				SWIFT_OPTIMIZATION_LEVEL = "-O";
				VALIDATE_PRODUCT = YES;
			};
			name = Release;
		};
		AFA921A6254DC33900C640AC /* Debug */ = {
			isa = XCBuildConfiguration;
			baseConfigurationReference = AC6BBC3CEBD8464AB6548666 /* Pods-AppStore_Mock.debug.xcconfig */;
			buildSettings = {
				ASSETCATALOG_COMPILER_APPICON_NAME = AppIcon;
				ASSETCATALOG_COMPILER_GLOBAL_ACCENT_COLOR_NAME = AccentColor;
				CODE_SIGN_STYLE = Automatic;
				CURRENT_PROJECT_VERSION = 1;
				DEVELOPMENT_TEAM = 76RZ8ND7HV;
				INFOPLIST_FILE = AppStore_Mock/Info.plist;
				IPHONEOS_DEPLOYMENT_TARGET = 13.0;
				LD_RUNPATH_SEARCH_PATHS = (
					"$(inherited)",
					"@executable_path/Frameworks",
				);
				MARKETING_VERSION = 1.0.0;
				PRODUCT_BUNDLE_IDENTIFIER = "com.seok.AppStore-Mock";
				PRODUCT_NAME = "$(TARGET_NAME)";
				SWIFT_VERSION = 5.0;
				TARGETED_DEVICE_FAMILY = 1;
			};
			name = Debug;
		};
		AFA921A7254DC33900C640AC /* Release */ = {
			isa = XCBuildConfiguration;
			baseConfigurationReference = 383835258D7CB664C8E0CE21 /* Pods-AppStore_Mock.release.xcconfig */;
			buildSettings = {
				ASSETCATALOG_COMPILER_APPICON_NAME = AppIcon;
				ASSETCATALOG_COMPILER_GLOBAL_ACCENT_COLOR_NAME = AccentColor;
				CODE_SIGN_STYLE = Automatic;
				CURRENT_PROJECT_VERSION = 1;
				DEVELOPMENT_TEAM = 76RZ8ND7HV;
				INFOPLIST_FILE = AppStore_Mock/Info.plist;
				IPHONEOS_DEPLOYMENT_TARGET = 13.0;
				LD_RUNPATH_SEARCH_PATHS = (
					"$(inherited)",
					"@executable_path/Frameworks",
				);
				MARKETING_VERSION = 1.0.0;
				PRODUCT_BUNDLE_IDENTIFIER = "com.seok.AppStore-Mock";
				PRODUCT_NAME = "$(TARGET_NAME)";
				SWIFT_VERSION = 5.0;
				TARGETED_DEVICE_FAMILY = 1;
			};
			name = Release;
		};
/* End XCBuildConfiguration section */

/* Begin XCConfigurationList section */
		AFA9218C254DC33600C640AC /* Build configuration list for PBXProject "AppStore_Mock" */ = {
			isa = XCConfigurationList;
			buildConfigurations = (
				AFA921A3254DC33900C640AC /* Debug */,
				AFA921A4254DC33900C640AC /* Release */,
			);
			defaultConfigurationIsVisible = 0;
			defaultConfigurationName = Release;
		};
		AFA921A5254DC33900C640AC /* Build configuration list for PBXNativeTarget "AppStore_Mock" */ = {
			isa = XCConfigurationList;
			buildConfigurations = (
				AFA921A6254DC33900C640AC /* Debug */,
				AFA921A7254DC33900C640AC /* Release */,
			);
			defaultConfigurationIsVisible = 0;
			defaultConfigurationName = Release;
		};
/* End XCConfigurationList section */
	};
	rootObject = AFA92189254DC33600C640AC /* Project object */;
}
